// !$*UTF8*$!
{
	archiveVersion = 1;
	classes = {
	};
	objectVersion = 50;
	objects = {

/* Begin PBXBuildFile section */
		A232E88B26666D9D007FE51B /* MotivationQuotesApp.swift in Sources */ = {isa = PBXBuildFile; fileRef = A232E88A26666D9D007FE51B /* MotivationQuotesApp.swift */; };
		A232E88D26666D9D007FE51B /* OnboardingScreen1.swift in Sources */ = {isa = PBXBuildFile; fileRef = A232E88C26666D9D007FE51B /* OnboardingScreen1.swift */; };
		A232E88F26666D9F007FE51B /* Assets.xcassets in Resources */ = {isa = PBXBuildFile; fileRef = A232E88E26666D9F007FE51B /* Assets.xcassets */; };
		A232E89226666D9F007FE51B /* Preview Assets.xcassets in Resources */ = {isa = PBXBuildFile; fileRef = A232E89126666D9F007FE51B /* Preview Assets.xcassets */; };
		A232E89726666D9F007FE51B /* MotivationQuotes WatchKit App.app in Embed Watch Content */ = {isa = PBXBuildFile; fileRef = A232E89626666D9F007FE51B /* MotivationQuotes WatchKit App.app */; settings = {ATTRIBUTES = (RemoveHeadersOnCopy, ); }; };
		A232E89C26666DA0007FE51B /* Assets.xcassets in Resources */ = {isa = PBXBuildFile; fileRef = A232E89B26666DA0007FE51B /* Assets.xcassets */; };
		A232E8A326666DA0007FE51B /* MotivationQuotes WatchKit Extension.appex in Embed App Extensions */ = {isa = PBXBuildFile; fileRef = A232E8A226666DA0007FE51B /* MotivationQuotes WatchKit Extension.appex */; settings = {ATTRIBUTES = (RemoveHeadersOnCopy, ); }; };
		A232E8A826666DA0007FE51B /* ContentView.swift in Sources */ = {isa = PBXBuildFile; fileRef = A232E8A726666DA0007FE51B /* ContentView.swift */; };
		A232E8AA26666DA0007FE51B /* MotivationQuotesApp.swift in Sources */ = {isa = PBXBuildFile; fileRef = A232E8A926666DA0007FE51B /* MotivationQuotesApp.swift */; };
		A232E8AC26666DA0007FE51B /* ComplicationController.swift in Sources */ = {isa = PBXBuildFile; fileRef = A232E8AB26666DA0007FE51B /* ComplicationController.swift */; };
		A232E8AE26666DA1007FE51B /* Assets.xcassets in Resources */ = {isa = PBXBuildFile; fileRef = A232E8AD26666DA1007FE51B /* Assets.xcassets */; };
		A232E8B126666DA1007FE51B /* Preview Assets.xcassets in Resources */ = {isa = PBXBuildFile; fileRef = A232E8B026666DA1007FE51B /* Preview Assets.xcassets */; };
		A232E8C226667A0F007FE51B /* OnboardingScreen2.swift in Sources */ = {isa = PBXBuildFile; fileRef = A232E8C126667A0F007FE51B /* OnboardingScreen2.swift */; };
		A232E8C62667367E007FE51B /* HomeScreen.swift in Sources */ = {isa = PBXBuildFile; fileRef = A232E8C52667367E007FE51B /* HomeScreen.swift */; };
		A232E8CA26677EC5007FE51B /* QuotesModel.swift in Sources */ = {isa = PBXBuildFile; fileRef = A232E8C926677EC5007FE51B /* QuotesModel.swift */; };
		A232E8CD26677FA8007FE51B /* QuotesViewModel.swift in Sources */ = {isa = PBXBuildFile; fileRef = A232E8CC26677FA8007FE51B /* QuotesViewModel.swift */; };
		A232E8CF2668B29B007FE51B /* QuotesView.swift in Sources */ = {isa = PBXBuildFile; fileRef = A232E8CE2668B29B007FE51B /* QuotesView.swift */; };
		A232E8D22668F8F4007FE51B /* data.json in Resources */ = {isa = PBXBuildFile; fileRef = A232E8D12668F8F4007FE51B /* data.json */; };
		A232E8D32668F8F4007FE51B /* data.json in Resources */ = {isa = PBXBuildFile; fileRef = A232E8D12668F8F4007FE51B /* data.json */; };
/* End PBXBuildFile section */

/* Begin PBXContainerItemProxy section */
		A232E89826666D9F007FE51B /* PBXContainerItemProxy */ = {
			isa = PBXContainerItemProxy;
			containerPortal = A232E87F26666D9D007FE51B /* Project object */;
			proxyType = 1;
			remoteGlobalIDString = A232E89526666D9F007FE51B;
			remoteInfo = "MotivationQuotes WatchKit App";
		};
		A232E8A426666DA0007FE51B /* PBXContainerItemProxy */ = {
			isa = PBXContainerItemProxy;
			containerPortal = A232E87F26666D9D007FE51B /* Project object */;
			proxyType = 1;
			remoteGlobalIDString = A232E8A126666DA0007FE51B;
			remoteInfo = "MotivationQuotes WatchKit Extension";
		};
/* End PBXContainerItemProxy section */

/* Begin PBXCopyFilesBuildPhase section */
		A232E8B826666DA1007FE51B /* Embed App Extensions */ = {
			isa = PBXCopyFilesBuildPhase;
			buildActionMask = 2147483647;
			dstPath = "";
			dstSubfolderSpec = 13;
			files = (
				A232E8A326666DA0007FE51B /* MotivationQuotes WatchKit Extension.appex in Embed App Extensions */,
			);
			name = "Embed App Extensions";
			runOnlyForDeploymentPostprocessing = 0;
		};
		A232E8BC26666DA1007FE51B /* Embed Watch Content */ = {
			isa = PBXCopyFilesBuildPhase;
			buildActionMask = 2147483647;
			dstPath = "$(CONTENTS_FOLDER_PATH)/Watch";
			dstSubfolderSpec = 16;
			files = (
				A232E89726666D9F007FE51B /* MotivationQuotes WatchKit App.app in Embed Watch Content */,
			);
			name = "Embed Watch Content";
			runOnlyForDeploymentPostprocessing = 0;
		};
/* End PBXCopyFilesBuildPhase section */

/* Begin PBXFileReference section */
		A232E88726666D9D007FE51B /* MotivationQuotes.app */ = {isa = PBXFileReference; explicitFileType = wrapper.application; includeInIndex = 0; path = MotivationQuotes.app; sourceTree = BUILT_PRODUCTS_DIR; };
		A232E88A26666D9D007FE51B /* MotivationQuotesApp.swift */ = {isa = PBXFileReference; lastKnownFileType = sourcecode.swift; path = MotivationQuotesApp.swift; sourceTree = "<group>"; };
		A232E88C26666D9D007FE51B /* OnboardingScreen1.swift */ = {isa = PBXFileReference; lastKnownFileType = sourcecode.swift; path = OnboardingScreen1.swift; sourceTree = "<group>"; };
		A232E88E26666D9F007FE51B /* Assets.xcassets */ = {isa = PBXFileReference; lastKnownFileType = folder.assetcatalog; path = Assets.xcassets; sourceTree = "<group>"; };
		A232E89126666D9F007FE51B /* Preview Assets.xcassets */ = {isa = PBXFileReference; lastKnownFileType = folder.assetcatalog; path = "Preview Assets.xcassets"; sourceTree = "<group>"; };
		A232E89326666D9F007FE51B /* Info.plist */ = {isa = PBXFileReference; lastKnownFileType = text.plist.xml; path = Info.plist; sourceTree = "<group>"; };
		A232E89626666D9F007FE51B /* MotivationQuotes WatchKit App.app */ = {isa = PBXFileReference; explicitFileType = wrapper.application; includeInIndex = 0; path = "MotivationQuotes WatchKit App.app"; sourceTree = BUILT_PRODUCTS_DIR; };
		A232E89B26666DA0007FE51B /* Assets.xcassets */ = {isa = PBXFileReference; lastKnownFileType = folder.assetcatalog; path = Assets.xcassets; sourceTree = "<group>"; };
		A232E89D26666DA0007FE51B /* Info.plist */ = {isa = PBXFileReference; lastKnownFileType = text.plist.xml; path = Info.plist; sourceTree = "<group>"; };
		A232E8A226666DA0007FE51B /* MotivationQuotes WatchKit Extension.appex */ = {isa = PBXFileReference; explicitFileType = "wrapper.app-extension"; includeInIndex = 0; path = "MotivationQuotes WatchKit Extension.appex"; sourceTree = BUILT_PRODUCTS_DIR; };
		A232E8A726666DA0007FE51B /* ContentView.swift */ = {isa = PBXFileReference; lastKnownFileType = sourcecode.swift; path = ContentView.swift; sourceTree = "<group>"; };
		A232E8A926666DA0007FE51B /* MotivationQuotesApp.swift */ = {isa = PBXFileReference; lastKnownFileType = sourcecode.swift; path = MotivationQuotesApp.swift; sourceTree = "<group>"; };
		A232E8AB26666DA0007FE51B /* ComplicationController.swift */ = {isa = PBXFileReference; lastKnownFileType = sourcecode.swift; path = ComplicationController.swift; sourceTree = "<group>"; };
		A232E8AD26666DA1007FE51B /* Assets.xcassets */ = {isa = PBXFileReference; lastKnownFileType = folder.assetcatalog; path = Assets.xcassets; sourceTree = "<group>"; };
		A232E8B026666DA1007FE51B /* Preview Assets.xcassets */ = {isa = PBXFileReference; lastKnownFileType = folder.assetcatalog; path = "Preview Assets.xcassets"; sourceTree = "<group>"; };
		A232E8B226666DA1007FE51B /* Info.plist */ = {isa = PBXFileReference; lastKnownFileType = text.plist.xml; path = Info.plist; sourceTree = "<group>"; };
		A232E8C126667A0F007FE51B /* OnboardingScreen2.swift */ = {isa = PBXFileReference; lastKnownFileType = sourcecode.swift; path = OnboardingScreen2.swift; sourceTree = "<group>"; };
		A232E8C52667367E007FE51B /* HomeScreen.swift */ = {isa = PBXFileReference; lastKnownFileType = sourcecode.swift; path = HomeScreen.swift; sourceTree = "<group>"; };
		A232E8C926677EC5007FE51B /* QuotesModel.swift */ = {isa = PBXFileReference; lastKnownFileType = sourcecode.swift; path = QuotesModel.swift; sourceTree = "<group>"; };
		A232E8CC26677FA8007FE51B /* QuotesViewModel.swift */ = {isa = PBXFileReference; lastKnownFileType = sourcecode.swift; path = QuotesViewModel.swift; sourceTree = "<group>"; };
		A232E8CE2668B29B007FE51B /* QuotesView.swift */ = {isa = PBXFileReference; lastKnownFileType = sourcecode.swift; path = QuotesView.swift; sourceTree = "<group>"; };
		A232E8D12668F8F4007FE51B /* data.json */ = {isa = PBXFileReference; lastKnownFileType = text.json; path = data.json; sourceTree = "<group>"; };
/* End PBXFileReference section */

/* Begin PBXFrameworksBuildPhase section */
		A232E88426666D9D007FE51B /* Frameworks */ = {
			isa = PBXFrameworksBuildPhase;
			buildActionMask = 2147483647;
			files = (
			);
			runOnlyForDeploymentPostprocessing = 0;
		};
		A232E89F26666DA0007FE51B /* Frameworks */ = {
			isa = PBXFrameworksBuildPhase;
			buildActionMask = 2147483647;
			files = (
			);
			runOnlyForDeploymentPostprocessing = 0;
		};
/* End PBXFrameworksBuildPhase section */

/* Begin PBXGroup section */
		A232E87E26666D9D007FE51B = {
			isa = PBXGroup;
			children = (
				A232E88926666D9D007FE51B /* MotivationQuotes */,
				A232E89A26666D9F007FE51B /* MotivationQuotes WatchKit App */,
				A232E8A626666DA0007FE51B /* MotivationQuotes WatchKit Extension */,
				A232E88826666D9D007FE51B /* Products */,
			);
			sourceTree = "<group>";
		};
		A232E88826666D9D007FE51B /* Products */ = {
			isa = PBXGroup;
			children = (
				A232E88726666D9D007FE51B /* MotivationQuotes.app */,
				A232E89626666D9F007FE51B /* MotivationQuotes WatchKit App.app */,
				A232E8A226666DA0007FE51B /* MotivationQuotes WatchKit Extension.appex */,
			);
			name = Products;
			sourceTree = "<group>";
		};
		A232E88926666D9D007FE51B /* MotivationQuotes */ = {
			isa = PBXGroup;
			children = (
				A232E88A26666D9D007FE51B /* MotivationQuotesApp.swift */,
				A232E8C0266679F1007FE51B /* Views */,
				A232E8CB26677F5E007FE51B /* ViewModels */,
				A232E8C826677E37007FE51B /* Models */,
				A232E8D02668F8A5007FE51B /* Data */,
				A232E88E26666D9F007FE51B /* Assets.xcassets */,
				A232E89326666D9F007FE51B /* Info.plist */,
				A232E89026666D9F007FE51B /* Preview Content */,
			);
			path = MotivationQuotes;
			sourceTree = "<group>";
		};
		A232E89026666D9F007FE51B /* Preview Content */ = {
			isa = PBXGroup;
			children = (
				A232E89126666D9F007FE51B /* Preview Assets.xcassets */,
			);
			path = "Preview Content";
			sourceTree = "<group>";
		};
		A232E89A26666D9F007FE51B /* MotivationQuotes WatchKit App */ = {
			isa = PBXGroup;
			children = (
				A232E89B26666DA0007FE51B /* Assets.xcassets */,
				A232E89D26666DA0007FE51B /* Info.plist */,
			);
			path = "MotivationQuotes WatchKit App";
			sourceTree = "<group>";
		};
		A232E8A626666DA0007FE51B /* MotivationQuotes WatchKit Extension */ = {
			isa = PBXGroup;
			children = (
				A232E8A726666DA0007FE51B /* ContentView.swift */,
				A232E8A926666DA0007FE51B /* MotivationQuotesApp.swift */,
				A232E8AB26666DA0007FE51B /* ComplicationController.swift */,
				A232E8AD26666DA1007FE51B /* Assets.xcassets */,
				A232E8B226666DA1007FE51B /* Info.plist */,
				A232E8AF26666DA1007FE51B /* Preview Content */,
			);
			path = "MotivationQuotes WatchKit Extension";
			sourceTree = "<group>";
		};
		A232E8AF26666DA1007FE51B /* Preview Content */ = {
			isa = PBXGroup;
			children = (
				A232E8B026666DA1007FE51B /* Preview Assets.xcassets */,
			);
			path = "Preview Content";
			sourceTree = "<group>";
		};
		A232E8C0266679F1007FE51B /* Views */ = {
			isa = PBXGroup;
			children = (
				A232E88C26666D9D007FE51B /* OnboardingScreen1.swift */,
				A232E8C52667367E007FE51B /* HomeScreen.swift */,
				A232E8CE2668B29B007FE51B /* QuotesView.swift */,
				A232E8C126667A0F007FE51B /* OnboardingScreen2.swift */,
			);
			path = Views;
			sourceTree = "<group>";
		};
		A232E8C826677E37007FE51B /* Models */ = {
			isa = PBXGroup;
			children = (
				A232E8C926677EC5007FE51B /* QuotesModel.swift */,
			);
			path = Models;
			sourceTree = "<group>";
		};
		A232E8CB26677F5E007FE51B /* ViewModels */ = {
			isa = PBXGroup;
			children = (
				A232E8CC26677FA8007FE51B /* QuotesViewModel.swift */,
			);
			path = ViewModels;
			sourceTree = "<group>";
		};
		A232E8D02668F8A5007FE51B /* Data */ = {
			isa = PBXGroup;
			children = (
				A232E8D12668F8F4007FE51B /* data.json */,
			);
			path = Data;
			sourceTree = "<group>";
		};
/* End PBXGroup section */

/* Begin PBXNativeTarget section */
		A232E88626666D9D007FE51B /* MotivationQuotes */ = {
			isa = PBXNativeTarget;
			buildConfigurationList = A232E8BD26666DA1007FE51B /* Build configuration list for PBXNativeTarget "MotivationQuotes" */;
			buildPhases = (
				A232E88326666D9D007FE51B /* Sources */,
				A232E88426666D9D007FE51B /* Frameworks */,
				A232E88526666D9D007FE51B /* Resources */,
				A232E8BC26666DA1007FE51B /* Embed Watch Content */,
			);
			buildRules = (
			);
			dependencies = (
				A232E89926666D9F007FE51B /* PBXTargetDependency */,
			);
			name = MotivationQuotes;
			productName = MotivationQuotes;
			productReference = A232E88726666D9D007FE51B /* MotivationQuotes.app */;
			productType = "com.apple.product-type.application";
		};
		A232E89526666D9F007FE51B /* MotivationQuotes WatchKit App */ = {
			isa = PBXNativeTarget;
			buildConfigurationList = A232E8B926666DA1007FE51B /* Build configuration list for PBXNativeTarget "MotivationQuotes WatchKit App" */;
			buildPhases = (
				A232E89426666D9F007FE51B /* Resources */,
				A232E8B826666DA1007FE51B /* Embed App Extensions */,
			);
			buildRules = (
			);
			dependencies = (
				A232E8A526666DA0007FE51B /* PBXTargetDependency */,
			);
			name = "MotivationQuotes WatchKit App";
			productName = "MotivationQuotes WatchKit App";
			productReference = A232E89626666D9F007FE51B /* MotivationQuotes WatchKit App.app */;
			productType = "com.apple.product-type.application.watchapp2";
		};
		A232E8A126666DA0007FE51B /* MotivationQuotes WatchKit Extension */ = {
			isa = PBXNativeTarget;
			buildConfigurationList = A232E8B526666DA1007FE51B /* Build configuration list for PBXNativeTarget "MotivationQuotes WatchKit Extension" */;
			buildPhases = (
				A232E89E26666DA0007FE51B /* Sources */,
				A232E89F26666DA0007FE51B /* Frameworks */,
				A232E8A026666DA0007FE51B /* Resources */,
			);
			buildRules = (
			);
			dependencies = (
			);
			name = "MotivationQuotes WatchKit Extension";
			productName = "MotivationQuotes WatchKit Extension";
			productReference = A232E8A226666DA0007FE51B /* MotivationQuotes WatchKit Extension.appex */;
			productType = "com.apple.product-type.watchkit2-extension";
		};
/* End PBXNativeTarget section */

/* Begin PBXProject section */
		A232E87F26666D9D007FE51B /* Project object */ = {
			isa = PBXProject;
			attributes = {
				LastSwiftUpdateCheck = 1250;
				LastUpgradeCheck = 1250;
				TargetAttributes = {
					A232E88626666D9D007FE51B = {
						CreatedOnToolsVersion = 12.5;
					};
					A232E89526666D9F007FE51B = {
						CreatedOnToolsVersion = 12.5;
					};
					A232E8A126666DA0007FE51B = {
						CreatedOnToolsVersion = 12.5;
					};
				};
			};
			buildConfigurationList = A232E88226666D9D007FE51B /* Build configuration list for PBXProject "MotivationQuotes" */;
			compatibilityVersion = "Xcode 9.3";
			developmentRegion = en;
			hasScannedForEncodings = 0;
			knownRegions = (
				en,
				Base,
			);
			mainGroup = A232E87E26666D9D007FE51B;
			productRefGroup = A232E88826666D9D007FE51B /* Products */;
			projectDirPath = "";
			projectRoot = "";
			targets = (
				A232E88626666D9D007FE51B /* MotivationQuotes */,
				A232E89526666D9F007FE51B /* MotivationQuotes WatchKit App */,
				A232E8A126666DA0007FE51B /* MotivationQuotes WatchKit Extension */,
			);
		};
/* End PBXProject section */

/* Begin PBXResourcesBuildPhase section */
		A232E88526666D9D007FE51B /* Resources */ = {
			isa = PBXResourcesBuildPhase;
			buildActionMask = 2147483647;
			files = (
				A232E89226666D9F007FE51B /* Preview Assets.xcassets in Resources */,
				A232E8D22668F8F4007FE51B /* data.json in Resources */,
				A232E88F26666D9F007FE51B /* Assets.xcassets in Resources */,
			);
			runOnlyForDeploymentPostprocessing = 0;
		};
		A232E89426666D9F007FE51B /* Resources */ = {
			isa = PBXResourcesBuildPhase;
			buildActionMask = 2147483647;
			files = (
				A232E89C26666DA0007FE51B /* Assets.xcassets in Resources */,
			);
			runOnlyForDeploymentPostprocessing = 0;
		};
		A232E8A026666DA0007FE51B /* Resources */ = {
			isa = PBXResourcesBuildPhase;
			buildActionMask = 2147483647;
			files = (
				A232E8B126666DA1007FE51B /* Preview Assets.xcassets in Resources */,
				A232E8D32668F8F4007FE51B /* data.json in Resources */,
				A232E8AE26666DA1007FE51B /* Assets.xcassets in Resources */,
			);
			runOnlyForDeploymentPostprocessing = 0;
		};
/* End PBXResourcesBuildPhase section */

/* Begin PBXSourcesBuildPhase section */
		A232E88326666D9D007FE51B /* Sources */ = {
			isa = PBXSourcesBuildPhase;
			buildActionMask = 2147483647;
			files = (
				A232E8C62667367E007FE51B /* HomeScreen.swift in Sources */,
				A232E8CF2668B29B007FE51B /* QuotesView.swift in Sources */,
				A232E8CD26677FA8007FE51B /* QuotesViewModel.swift in Sources */,
				A232E88D26666D9D007FE51B /* OnboardingScreen1.swift in Sources */,
				A232E8CA26677EC5007FE51B /* QuotesModel.swift in Sources */,
				A232E8C226667A0F007FE51B /* OnboardingScreen2.swift in Sources */,
				A232E88B26666D9D007FE51B /* MotivationQuotesApp.swift in Sources */,
			);
			runOnlyForDeploymentPostprocessing = 0;
		};
		A232E89E26666DA0007FE51B /* Sources */ = {
			isa = PBXSourcesBuildPhase;
			buildActionMask = 2147483647;
			files = (
				A232E8AA26666DA0007FE51B /* MotivationQuotesApp.swift in Sources */,
				A232E8A826666DA0007FE51B /* ContentView.swift in Sources */,
				A232E8AC26666DA0007FE51B /* ComplicationController.swift in Sources */,
			);
			runOnlyForDeploymentPostprocessing = 0;
		};
/* End PBXSourcesBuildPhase section */

/* Begin PBXTargetDependency section */
		A232E89926666D9F007FE51B /* PBXTargetDependency */ = {
			isa = PBXTargetDependency;
			target = A232E89526666D9F007FE51B /* MotivationQuotes WatchKit App */;
			targetProxy = A232E89826666D9F007FE51B /* PBXContainerItemProxy */;
		};
		A232E8A526666DA0007FE51B /* PBXTargetDependency */ = {
			isa = PBXTargetDependency;
			target = A232E8A126666DA0007FE51B /* MotivationQuotes WatchKit Extension */;
			targetProxy = A232E8A426666DA0007FE51B /* PBXContainerItemProxy */;
		};
/* End PBXTargetDependency section */

/* Begin XCBuildConfiguration section */
		A232E8B326666DA1007FE51B /* Debug */ = {
			isa = XCBuildConfiguration;
			buildSettings = {
				ALWAYS_SEARCH_USER_PATHS = NO;
				CLANG_ANALYZER_NONNULL = YES;
				CLANG_ANALYZER_NUMBER_OBJECT_CONVERSION = YES_AGGRESSIVE;
				CLANG_CXX_LANGUAGE_STANDARD = "gnu++14";
				CLANG_CXX_LIBRARY = "libc++";
				CLANG_ENABLE_MODULES = YES;
				CLANG_ENABLE_OBJC_ARC = YES;
				CLANG_ENABLE_OBJC_WEAK = YES;
				CLANG_WARN_BLOCK_CAPTURE_AUTORELEASING = YES;
				CLANG_WARN_BOOL_CONVERSION = YES;
				CLANG_WARN_COMMA = YES;
				CLANG_WARN_CONSTANT_CONVERSION = YES;
				CLANG_WARN_DEPRECATED_OBJC_IMPLEMENTATIONS = YES;
				CLANG_WARN_DIRECT_OBJC_ISA_USAGE = YES_ERROR;
				CLANG_WARN_DOCUMENTATION_COMMENTS = YES;
				CLANG_WARN_EMPTY_BODY = YES;
				CLANG_WARN_ENUM_CONVERSION = YES;
				CLANG_WARN_INFINITE_RECURSION = YES;
				CLANG_WARN_INT_CONVERSION = YES;
				CLANG_WARN_NON_LITERAL_NULL_CONVERSION = YES;
				CLANG_WARN_OBJC_IMPLICIT_RETAIN_SELF = YES;
				CLANG_WARN_OBJC_LITERAL_CONVERSION = YES;
				CLANG_WARN_OBJC_ROOT_CLASS = YES_ERROR;
				CLANG_WARN_QUOTED_INCLUDE_IN_FRAMEWORK_HEADER = YES;
				CLANG_WARN_RANGE_LOOP_ANALYSIS = YES;
				CLANG_WARN_STRICT_PROTOTYPES = YES;
				CLANG_WARN_SUSPICIOUS_MOVE = YES;
				CLANG_WARN_UNGUARDED_AVAILABILITY = YES_AGGRESSIVE;
				CLANG_WARN_UNREACHABLE_CODE = YES;
				CLANG_WARN__DUPLICATE_METHOD_MATCH = YES;
				COPY_PHASE_STRIP = NO;
				DEBUG_INFORMATION_FORMAT = dwarf;
				ENABLE_STRICT_OBJC_MSGSEND = YES;
				ENABLE_TESTABILITY = YES;
				GCC_C_LANGUAGE_STANDARD = gnu11;
				GCC_DYNAMIC_NO_PIC = NO;
				GCC_NO_COMMON_BLOCKS = YES;
				GCC_OPTIMIZATION_LEVEL = 0;
				GCC_PREPROCESSOR_DEFINITIONS = (
					"DEBUG=1",
					"$(inherited)",
				);
				GCC_WARN_64_TO_32_BIT_CONVERSION = YES;
				GCC_WARN_ABOUT_RETURN_TYPE = YES_ERROR;
				GCC_WARN_UNDECLARED_SELECTOR = YES;
				GCC_WARN_UNINITIALIZED_AUTOS = YES_AGGRESSIVE;
				GCC_WARN_UNUSED_FUNCTION = YES;
				GCC_WARN_UNUSED_VARIABLE = YES;
				MTL_ENABLE_DEBUG_INFO = INCLUDE_SOURCE;
				MTL_FAST_MATH = YES;
				ONLY_ACTIVE_ARCH = YES;
				SWIFT_ACTIVE_COMPILATION_CONDITIONS = DEBUG;
				SWIFT_OPTIMIZATION_LEVEL = "-Onone";
			};
			name = Debug;
		};
		A232E8B426666DA1007FE51B /* Release */ = {
			isa = XCBuildConfiguration;
			buildSettings = {
				ALWAYS_SEARCH_USER_PATHS = NO;
				CLANG_ANALYZER_NONNULL = YES;
				CLANG_ANALYZER_NUMBER_OBJECT_CONVERSION = YES_AGGRESSIVE;
				CLANG_CXX_LANGUAGE_STANDARD = "gnu++14";
				CLANG_CXX_LIBRARY = "libc++";
				CLANG_ENABLE_MODULES = YES;
				CLANG_ENABLE_OBJC_ARC = YES;
				CLANG_ENABLE_OBJC_WEAK = YES;
				CLANG_WARN_BLOCK_CAPTURE_AUTORELEASING = YES;
				CLANG_WARN_BOOL_CONVERSION = YES;
				CLANG_WARN_COMMA = YES;
				CLANG_WARN_CONSTANT_CONVERSION = YES;
				CLANG_WARN_DEPRECATED_OBJC_IMPLEMENTATIONS = YES;
				CLANG_WARN_DIRECT_OBJC_ISA_USAGE = YES_ERROR;
				CLANG_WARN_DOCUMENTATION_COMMENTS = YES;
				CLANG_WARN_EMPTY_BODY = YES;
				CLANG_WARN_ENUM_CONVERSION = YES;
				CLANG_WARN_INFINITE_RECURSION = YES;
				CLANG_WARN_INT_CONVERSION = YES;
				CLANG_WARN_NON_LITERAL_NULL_CONVERSION = YES;
				CLANG_WARN_OBJC_IMPLICIT_RETAIN_SELF = YES;
				CLANG_WARN_OBJC_LITERAL_CONVERSION = YES;
				CLANG_WARN_OBJC_ROOT_CLASS = YES_ERROR;
				CLANG_WARN_QUOTED_INCLUDE_IN_FRAMEWORK_HEADER = YES;
				CLANG_WARN_RANGE_LOOP_ANALYSIS = YES;
				CLANG_WARN_STRICT_PROTOTYPES = YES;
				CLANG_WARN_SUSPICIOUS_MOVE = YES;
				CLANG_WARN_UNGUARDED_AVAILABILITY = YES_AGGRESSIVE;
				CLANG_WARN_UNREACHABLE_CODE = YES;
				CLANG_WARN__DUPLICATE_METHOD_MATCH = YES;
				COPY_PHASE_STRIP = NO;
				DEBUG_INFORMATION_FORMAT = "dwarf-with-dsym";
				ENABLE_NS_ASSERTIONS = NO;
				ENABLE_STRICT_OBJC_MSGSEND = YES;
				GCC_C_LANGUAGE_STANDARD = gnu11;
				GCC_NO_COMMON_BLOCKS = YES;
				GCC_WARN_64_TO_32_BIT_CONVERSION = YES;
				GCC_WARN_ABOUT_RETURN_TYPE = YES_ERROR;
				GCC_WARN_UNDECLARED_SELECTOR = YES;
				GCC_WARN_UNINITIALIZED_AUTOS = YES_AGGRESSIVE;
				GCC_WARN_UNUSED_FUNCTION = YES;
				GCC_WARN_UNUSED_VARIABLE = YES;
				MTL_ENABLE_DEBUG_INFO = NO;
				MTL_FAST_MATH = YES;
				SWIFT_COMPILATION_MODE = wholemodule;
				SWIFT_OPTIMIZATION_LEVEL = "-O";
			};
			name = Release;
		};
		A232E8B626666DA1007FE51B /* Debug */ = {
			isa = XCBuildConfiguration;
			buildSettings = {
				ASSETCATALOG_COMPILER_COMPLICATION_NAME = Complication;
				CODE_SIGN_STYLE = Automatic;
				DEVELOPMENT_ASSET_PATHS = "\"MotivationQuotes WatchKit Extension/Preview Content\"";
				DEVELOPMENT_TEAM = R92D944333;
				ENABLE_PREVIEWS = YES;
				INFOPLIST_FILE = "MotivationQuotes WatchKit Extension/Info.plist";
				LD_RUNPATH_SEARCH_PATHS = (
					"$(inherited)",
					"@executable_path/Frameworks",
					"@executable_path/../../Frameworks",
				);
				PRODUCT_BUNDLE_IDENTIFIER = io.Ankish.MotivationQuotes.watchkitapp.watchkitextension;
				PRODUCT_NAME = "${TARGET_NAME}";
				SDKROOT = watchos;
				SKIP_INSTALL = YES;
				SWIFT_VERSION = 5.0;
				TARGETED_DEVICE_FAMILY = 4;
				WATCHOS_DEPLOYMENT_TARGET = 7.4;
			};
			name = Debug;
		};
		A232E8B726666DA1007FE51B /* Release */ = {
			isa = XCBuildConfiguration;
			buildSettings = {
				ASSETCATALOG_COMPILER_COMPLICATION_NAME = Complication;
				CODE_SIGN_STYLE = Automatic;
				DEVELOPMENT_ASSET_PATHS = "\"MotivationQuotes WatchKit Extension/Preview Content\"";
				DEVELOPMENT_TEAM = R92D944333;
				ENABLE_PREVIEWS = YES;
				INFOPLIST_FILE = "MotivationQuotes WatchKit Extension/Info.plist";
				LD_RUNPATH_SEARCH_PATHS = (
					"$(inherited)",
					"@executable_path/Frameworks",
					"@executable_path/../../Frameworks",
				);
				PRODUCT_BUNDLE_IDENTIFIER = io.Ankish.MotivationQuotes.watchkitapp.watchkitextension;
				PRODUCT_NAME = "${TARGET_NAME}";
				SDKROOT = watchos;
				SKIP_INSTALL = YES;
				SWIFT_VERSION = 5.0;
				TARGETED_DEVICE_FAMILY = 4;
				VALIDATE_PRODUCT = YES;
				WATCHOS_DEPLOYMENT_TARGET = 7.4;
			};
			name = Release;
		};
		A232E8BA26666DA1007FE51B /* Debug */ = {
			isa = XCBuildConfiguration;
			buildSettings = {
				ALWAYS_EMBED_SWIFT_STANDARD_LIBRARIES = YES;
				ASSETCATALOG_COMPILER_APPICON_NAME = AppIcon;
				ASSETCATALOG_COMPILER_GLOBAL_ACCENT_COLOR_NAME = AccentColor;
				CODE_SIGN_STYLE = Automatic;
				DEVELOPMENT_TEAM = R92D944333;
				IBSC_MODULE = MotivationQuotes_WatchKit_Extension;
				INFOPLIST_FILE = "MotivationQuotes WatchKit App/Info.plist";
				PRODUCT_BUNDLE_IDENTIFIER = io.Ankish.MotivationQuotes.watchkitapp;
				PRODUCT_NAME = "$(TARGET_NAME)";
				SDKROOT = watchos;
				SKIP_INSTALL = YES;
				SWIFT_VERSION = 5.0;
				TARGETED_DEVICE_FAMILY = 4;
				WATCHOS_DEPLOYMENT_TARGET = 7.4;
			};
			name = Debug;
		};
		A232E8BB26666DA1007FE51B /* Release */ = {
			isa = XCBuildConfiguration;
			buildSettings = {
				ALWAYS_EMBED_SWIFT_STANDARD_LIBRARIES = YES;
				ASSETCATALOG_COMPILER_APPICON_NAME = AppIcon;
				ASSETCATALOG_COMPILER_GLOBAL_ACCENT_COLOR_NAME = AccentColor;
				CODE_SIGN_STYLE = Automatic;
				DEVELOPMENT_TEAM = R92D944333;
				IBSC_MODULE = MotivationQuotes_WatchKit_Extension;
				INFOPLIST_FILE = "MotivationQuotes WatchKit App/Info.plist";
				PRODUCT_BUNDLE_IDENTIFIER = io.Ankish.MotivationQuotes.watchkitapp;
				PRODUCT_NAME = "$(TARGET_NAME)";
				SDKROOT = watchos;
				SKIP_INSTALL = YES;
				SWIFT_VERSION = 5.0;
				TARGETED_DEVICE_FAMILY = 4;
				VALIDATE_PRODUCT = YES;
				WATCHOS_DEPLOYMENT_TARGET = 7.4;
			};
			name = Release;
		};
		A232E8BE26666DA1007FE51B /* Debug */ = {
			isa = XCBuildConfiguration;
			buildSettings = {
				ASSETCATALOG_COMPILER_APPICON_NAME = AppIcon;
				ASSETCATALOG_COMPILER_GLOBAL_ACCENT_COLOR_NAME = AccentColor;
				CODE_SIGN_STYLE = Automatic;
				DEVELOPMENT_ASSET_PATHS = "\"MotivationQuotes/Preview Content\"";
				DEVELOPMENT_TEAM = R92D944333;
				ENABLE_PREVIEWS = YES;
				INFOPLIST_FILE = MotivationQuotes/Info.plist;
				IPHONEOS_DEPLOYMENT_TARGET = 14.5;
				LD_RUNPATH_SEARCH_PATHS = (
					"$(inherited)",
					"@executable_path/Frameworks",
				);
				PRODUCT_BUNDLE_IDENTIFIER = io.Ankish.MotivationQuotes;
				PRODUCT_NAME = "$(TARGET_NAME)";
				SDKROOT = iphoneos;
				SWIFT_VERSION = 5.0;
				TARGETED_DEVICE_FAMILY = "1,2";
			};
			name = Debug;
		};
		A232E8BF26666DA1007FE51B /* Release */ = {
			isa = XCBuildConfiguration;
			buildSettings = {
				ASSETCATALOG_COMPILER_APPICON_NAME = AppIcon;
				ASSETCATALOG_COMPILER_GLOBAL_ACCENT_COLOR_NAME = AccentColor;
				CODE_SIGN_STYLE = Automatic;
				DEVELOPMENT_ASSET_PATHS = "\"MotivationQuotes/Preview Content\"";
				DEVELOPMENT_TEAM = R92D944333;
				ENABLE_PREVIEWS = YES;
				INFOPLIST_FILE = MotivationQuotes/Info.plist;
				IPHONEOS_DEPLOYMENT_TARGET = 14.5;
				LD_RUNPATH_SEARCH_PATHS = (
					"$(inherited)",
					"@executable_path/Frameworks",
				);
				PRODUCT_BUNDLE_IDENTIFIER = io.Ankish.MotivationQuotes;
				PRODUCT_NAME = "$(TARGET_NAME)";
				SDKROOT = iphoneos;
				SWIFT_VERSION = 5.0;
				TARGETED_DEVICE_FAMILY = "1,2";
				VALIDATE_PRODUCT = YES;
			};
			name = Release;
		};
/* End XCBuildConfiguration section */

/* Begin XCConfigurationList section */
		A232E88226666D9D007FE51B /* Build configuration list for PBXProject "MotivationQuotes" */ = {
			isa = XCConfigurationList;
			buildConfigurations = (
				A232E8B326666DA1007FE51B /* Debug */,
				A232E8B426666DA1007FE51B /* Release */,
			);
			defaultConfigurationIsVisible = 0;
			defaultConfigurationName = Release;
		};
		A232E8B526666DA1007FE51B /* Build configuration list for PBXNativeTarget "MotivationQuotes WatchKit Extension" */ = {
			isa = XCConfigurationList;
			buildConfigurations = (
				A232E8B626666DA1007FE51B /* Debug */,
				A232E8B726666DA1007FE51B /* Release */,
			);
			defaultConfigurationIsVisible = 0;
			defaultConfigurationName = Release;
		};
		A232E8B926666DA1007FE51B /* Build configuration list for PBXNativeTarget "MotivationQuotes WatchKit App" */ = {
			isa = XCConfigurationList;
			buildConfigurations = (
				A232E8BA26666DA1007FE51B /* Debug */,
				A232E8BB26666DA1007FE51B /* Release */,
			);
			defaultConfigurationIsVisible = 0;
			defaultConfigurationName = Release;
		};
		A232E8BD26666DA1007FE51B /* Build configuration list for PBXNativeTarget "MotivationQuotes" */ = {
			isa = XCConfigurationList;
			buildConfigurations = (
				A232E8BE26666DA1007FE51B /* Debug */,
				A232E8BF26666DA1007FE51B /* Release */,
			);
			defaultConfigurationIsVisible = 0;
			defaultConfigurationName = Release;
		};
/* End XCConfigurationList section */
	};
	rootObject = A232E87F26666D9D007FE51B /* Project object */;
}
